// !$*UTF8*$!
{
	archiveVersion = 1;
	classes = {
	};
	objectVersion = 56;
	objects = {

/* Begin PBXBuildFile section */
		B452A7432A36B536006C16FA /* AppDelegate.swift in Sources */ = {isa = PBXBuildFile; fileRef = B452A7422A36B536006C16FA /* AppDelegate.swift */; };
		B452A7452A36B536006C16FA /* SceneDelegate.swift in Sources */ = {isa = PBXBuildFile; fileRef = B452A7442A36B536006C16FA /* SceneDelegate.swift */; };
		B452A7472A36B536006C16FA /* MainViewController.swift in Sources */ = {isa = PBXBuildFile; fileRef = B452A7462A36B536006C16FA /* MainViewController.swift */; };
		B452A74C2A36B536006C16FA /* Assets.xcassets in Resources */ = {isa = PBXBuildFile; fileRef = B452A74B2A36B536006C16FA /* Assets.xcassets */; };
		B452A7762A37594D006C16FA /* .swiftlint.yml in Resources */ = {isa = PBXBuildFile; fileRef = B452A7752A37594D006C16FA /* .swiftlint.yml */; };
		B4BEE7C62A38B086002B77A0 /* SnapKit in Frameworks */ = {isa = PBXBuildFile; productRef = B4BEE7C52A38B086002B77A0 /* SnapKit */; };
		B4BEE7C92A38B0E9002B77A0 /* Then in Frameworks */ = {isa = PBXBuildFile; productRef = B4BEE7C82A38B0E9002B77A0 /* Then */; };
		B4BEE7CC2A38B1AB002B77A0 /* Lottie in Frameworks */ = {isa = PBXBuildFile; productRef = B4BEE7CB2A38B1AB002B77A0 /* Lottie */; };
		B4BEE7CF2A38B24B002B77A0 /* RxCocoa in Frameworks */ = {isa = PBXBuildFile; productRef = B4BEE7CE2A38B24B002B77A0 /* RxCocoa */; };
		B4BEE7D12A38B24B002B77A0 /* RxSwift in Frameworks */ = {isa = PBXBuildFile; productRef = B4BEE7D02A38B24B002B77A0 /* RxSwift */; };
		B4BEE7D92A38B377002B77A0 /* BaseVC.swift in Sources */ = {isa = PBXBuildFile; fileRef = B4BEE7D82A38B377002B77A0 /* BaseVC.swift */; };
		B4BEE7DC2A38B3E3002B77A0 /* BaseVM.swift in Sources */ = {isa = PBXBuildFile; fileRef = B4BEE7DB2A38B3E3002B77A0 /* BaseVM.swift */; };
		B4BEE7DE2A38B448002B77A0 /* MainViewModel.swift in Sources */ = {isa = PBXBuildFile; fileRef = B4BEE7DD2A38B448002B77A0 /* MainViewModel.swift */; };
/* End PBXBuildFile section */

/* Begin PBXContainerItemProxy section */
		B452A7562A36B536006C16FA /* PBXContainerItemProxy */ = {
			isa = PBXContainerItemProxy;
			containerPortal = B452A7372A36B536006C16FA /* Project object */;
			proxyType = 1;
			remoteGlobalIDString = B452A73E2A36B536006C16FA;
			remoteInfo = "ZOO-iOS";
		};
		B452A7602A36B536006C16FA /* PBXContainerItemProxy */ = {
			isa = PBXContainerItemProxy;
			containerPortal = B452A7372A36B536006C16FA /* Project object */;
			proxyType = 1;
			remoteGlobalIDString = B452A73E2A36B536006C16FA;
			remoteInfo = "ZOO-iOS";
		};
/* End PBXContainerItemProxy section */

/* Begin PBXFileReference section */
		B452A73F2A36B536006C16FA /* ZOO-iOS.app */ = {isa = PBXFileReference; explicitFileType = wrapper.application; includeInIndex = 0; path = "ZOO-iOS.app"; sourceTree = BUILT_PRODUCTS_DIR; };
		B452A7422A36B536006C16FA /* AppDelegate.swift */ = {isa = PBXFileReference; lastKnownFileType = sourcecode.swift; path = AppDelegate.swift; sourceTree = "<group>"; };
		B452A7442A36B536006C16FA /* SceneDelegate.swift */ = {isa = PBXFileReference; lastKnownFileType = sourcecode.swift; path = SceneDelegate.swift; sourceTree = "<group>"; };
		B452A7462A36B536006C16FA /* MainViewController.swift */ = {isa = PBXFileReference; lastKnownFileType = sourcecode.swift; path = MainViewController.swift; sourceTree = "<group>"; };
		B452A74B2A36B536006C16FA /* Assets.xcassets */ = {isa = PBXFileReference; lastKnownFileType = folder.assetcatalog; path = Assets.xcassets; sourceTree = "<group>"; };
		B452A7502A36B536006C16FA /* Info.plist */ = {isa = PBXFileReference; lastKnownFileType = text.plist.xml; path = Info.plist; sourceTree = "<group>"; };
		B452A7552A36B536006C16FA /* ZOO-iOSTests.xctest */ = {isa = PBXFileReference; explicitFileType = wrapper.cfbundle; includeInIndex = 0; path = "ZOO-iOSTests.xctest"; sourceTree = BUILT_PRODUCTS_DIR; };
		B452A75F2A36B536006C16FA /* ZOO-iOSUITests.xctest */ = {isa = PBXFileReference; explicitFileType = wrapper.cfbundle; includeInIndex = 0; path = "ZOO-iOSUITests.xctest"; sourceTree = BUILT_PRODUCTS_DIR; };
		B452A7752A37594D006C16FA /* .swiftlint.yml */ = {isa = PBXFileReference; lastKnownFileType = text.yaml; path = .swiftlint.yml; sourceTree = "<group>"; };
		B4BEE7D82A38B377002B77A0 /* BaseVC.swift */ = {isa = PBXFileReference; lastKnownFileType = sourcecode.swift; path = BaseVC.swift; sourceTree = "<group>"; };
		B4BEE7DB2A38B3E3002B77A0 /* BaseVM.swift */ = {isa = PBXFileReference; lastKnownFileType = sourcecode.swift; path = BaseVM.swift; sourceTree = "<group>"; };
		B4BEE7DD2A38B448002B77A0 /* MainViewModel.swift */ = {isa = PBXFileReference; lastKnownFileType = sourcecode.swift; path = MainViewModel.swift; sourceTree = "<group>"; };
/* End PBXFileReference section */

/* Begin PBXFrameworksBuildPhase section */
		B452A73C2A36B536006C16FA /* Frameworks */ = {
			isa = PBXFrameworksBuildPhase;
			buildActionMask = 2147483647;
			files = (
				B4BEE7C62A38B086002B77A0 /* SnapKit in Frameworks */,
				B4BEE7C92A38B0E9002B77A0 /* Then in Frameworks */,
				B4BEE7D12A38B24B002B77A0 /* RxSwift in Frameworks */,
				B4BEE7CF2A38B24B002B77A0 /* RxCocoa in Frameworks */,
				B4BEE7CC2A38B1AB002B77A0 /* Lottie in Frameworks */,
			);
			runOnlyForDeploymentPostprocessing = 0;
		};
		B452A7522A36B536006C16FA /* Frameworks */ = {
			isa = PBXFrameworksBuildPhase;
			buildActionMask = 2147483647;
			files = (
			);
			runOnlyForDeploymentPostprocessing = 0;
		};
		B452A75C2A36B536006C16FA /* Frameworks */ = {
			isa = PBXFrameworksBuildPhase;
			buildActionMask = 2147483647;
			files = (
			);
			runOnlyForDeploymentPostprocessing = 0;
		};
/* End PBXFrameworksBuildPhase section */

/* Begin PBXGroup section */
		B452A7362A36B536006C16FA = {
			isa = PBXGroup;
			children = (
				B452A7752A37594D006C16FA /* .swiftlint.yml */,
				B452A7412A36B536006C16FA /* ZOO-iOS */,
				B452A7402A36B536006C16FA /* Products */,
			);
			sourceTree = "<group>";
		};
		B452A7402A36B536006C16FA /* Products */ = {
			isa = PBXGroup;
			children = (
				B452A73F2A36B536006C16FA /* ZOO-iOS.app */,
				B452A7552A36B536006C16FA /* ZOO-iOSTests.xctest */,
				B452A75F2A36B536006C16FA /* ZOO-iOSUITests.xctest */,
			);
			name = Products;
			sourceTree = "<group>";
		};
		B452A7412A36B536006C16FA /* ZOO-iOS */ = {
			isa = PBXGroup;
			children = (
				B4BEE7D32A38B340002B77A0 /* Resource */,
				B4BEE7D22A38B312002B77A0 /* Source */,
				B452A74B2A36B536006C16FA /* Assets.xcassets */,
				B452A7502A36B536006C16FA /* Info.plist */,
			);
			path = "ZOO-iOS";
			sourceTree = "<group>";
		};
		B4BEE7D22A38B312002B77A0 /* Source */ = {
			isa = PBXGroup;
			children = (
				B4BEE7D52A38B354002B77A0 /* Presentation */,
				B4BEE7D42A38B34B002B77A0 /* App */,
			);
			path = Source;
			sourceTree = "<group>";
		};
		B4BEE7D32A38B340002B77A0 /* Resource */ = {
			isa = PBXGroup;
			children = (
			);
			path = Resource;
			sourceTree = "<group>";
		};
		B4BEE7D42A38B34B002B77A0 /* App */ = {
			isa = PBXGroup;
			children = (
				B452A7422A36B536006C16FA /* AppDelegate.swift */,
				B452A7442A36B536006C16FA /* SceneDelegate.swift */,
			);
			path = App;
			sourceTree = "<group>";
		};
		B4BEE7D52A38B354002B77A0 /* Presentation */ = {
			isa = PBXGroup;
			children = (
				B4BEE7DA2A38B37C002B77A0 /* Main */,
				B4BEE7D62A38B35F002B77A0 /* Base */,
			);
			path = Presentation;
			sourceTree = "<group>";
		};
		B4BEE7D62A38B35F002B77A0 /* Base */ = {
			isa = PBXGroup;
			children = (
				B4BEE7D82A38B377002B77A0 /* BaseVC.swift */,
				B4BEE7DB2A38B3E3002B77A0 /* BaseVM.swift */,
			);
			path = Base;
			sourceTree = "<group>";
		};
		B4BEE7DA2A38B37C002B77A0 /* Main */ = {
			isa = PBXGroup;
			children = (
				B452A7462A36B536006C16FA /* MainViewController.swift */,
				B4BEE7DD2A38B448002B77A0 /* MainViewModel.swift */,
			);
			path = Main;
			sourceTree = "<group>";
		};
/* End PBXGroup section */

/* Begin PBXNativeTarget section */
		B452A73E2A36B536006C16FA /* ZOO-iOS */ = {
			isa = PBXNativeTarget;
			buildConfigurationList = B452A7692A36B536006C16FA /* Build configuration list for PBXNativeTarget "ZOO-iOS" */;
			buildPhases = (
				B452A7722A36F60F006C16FA /* SwiftLint Script */,
				B452A73B2A36B536006C16FA /* Sources */,
				B452A73C2A36B536006C16FA /* Frameworks */,
				B452A73D2A36B536006C16FA /* Resources */,
			);
			buildRules = (
			);
			dependencies = (
			);
			name = "ZOO-iOS";
			packageProductDependencies = (
				B4BEE7C52A38B086002B77A0 /* SnapKit */,
				B4BEE7C82A38B0E9002B77A0 /* Then */,
				B4BEE7CB2A38B1AB002B77A0 /* Lottie */,
				B4BEE7CE2A38B24B002B77A0 /* RxCocoa */,
				B4BEE7D02A38B24B002B77A0 /* RxSwift */,
			);
			productName = "ZOO-iOS";
			productReference = B452A73F2A36B536006C16FA /* ZOO-iOS.app */;
			productType = "com.apple.product-type.application";
		};
		B452A7542A36B536006C16FA /* ZOO-iOSTests */ = {
			isa = PBXNativeTarget;
			buildConfigurationList = B452A76C2A36B536006C16FA /* Build configuration list for PBXNativeTarget "ZOO-iOSTests" */;
			buildPhases = (
				B452A7512A36B536006C16FA /* Sources */,
				B452A7522A36B536006C16FA /* Frameworks */,
				B452A7532A36B536006C16FA /* Resources */,
			);
			buildRules = (
			);
			dependencies = (
				B452A7572A36B536006C16FA /* PBXTargetDependency */,
			);
			name = "ZOO-iOSTests";
			productName = "ZOO-iOSTests";
			productReference = B452A7552A36B536006C16FA /* ZOO-iOSTests.xctest */;
			productType = "com.apple.product-type.bundle.unit-test";
		};
		B452A75E2A36B536006C16FA /* ZOO-iOSUITests */ = {
			isa = PBXNativeTarget;
			buildConfigurationList = B452A76F2A36B536006C16FA /* Build configuration list for PBXNativeTarget "ZOO-iOSUITests" */;
			buildPhases = (
				B452A75B2A36B536006C16FA /* Sources */,
				B452A75C2A36B536006C16FA /* Frameworks */,
				B452A75D2A36B536006C16FA /* Resources */,
			);
			buildRules = (
			);
			dependencies = (
				B452A7612A36B536006C16FA /* PBXTargetDependency */,
			);
			name = "ZOO-iOSUITests";
			productName = "ZOO-iOSUITests";
			productReference = B452A75F2A36B536006C16FA /* ZOO-iOSUITests.xctest */;
			productType = "com.apple.product-type.bundle.ui-testing";
		};
/* End PBXNativeTarget section */

/* Begin PBXProject section */
		B452A7372A36B536006C16FA /* Project object */ = {
			isa = PBXProject;
			attributes = {
				BuildIndependentTargetsInParallel = 1;
				LastSwiftUpdateCheck = 1430;
				LastUpgradeCheck = 1430;
				TargetAttributes = {
					B452A73E2A36B536006C16FA = {
						CreatedOnToolsVersion = 14.3;
					};
					B452A7542A36B536006C16FA = {
						CreatedOnToolsVersion = 14.3;
						TestTargetID = B452A73E2A36B536006C16FA;
					};
					B452A75E2A36B536006C16FA = {
						CreatedOnToolsVersion = 14.3;
						TestTargetID = B452A73E2A36B536006C16FA;
					};
				};
			};
			buildConfigurationList = B452A73A2A36B536006C16FA /* Build configuration list for PBXProject "ZOO-iOS" */;
			compatibilityVersion = "Xcode 14.0";
			developmentRegion = en;
			hasScannedForEncodings = 0;
			knownRegions = (
				en,
				Base,
			);
			mainGroup = B452A7362A36B536006C16FA;
			packageReferences = (
				B4BEE7C42A38B086002B77A0 /* XCRemoteSwiftPackageReference "SnapKit" */,
				B4BEE7C72A38B0E9002B77A0 /* XCRemoteSwiftPackageReference "Then" */,
				B4BEE7CA2A38B1AB002B77A0 /* XCRemoteSwiftPackageReference "lottie-ios" */,
				B4BEE7CD2A38B24B002B77A0 /* XCRemoteSwiftPackageReference "RxSwift" */,
			);
			productRefGroup = B452A7402A36B536006C16FA /* Products */;
			projectDirPath = "";
			projectRoot = "";
			targets = (
				B452A73E2A36B536006C16FA /* ZOO-iOS */,
				B452A7542A36B536006C16FA /* ZOO-iOSTests */,
				B452A75E2A36B536006C16FA /* ZOO-iOSUITests */,
			);
		};
/* End PBXProject section */

/* Begin PBXResourcesBuildPhase section */
		B452A73D2A36B536006C16FA /* Resources */ = {
			isa = PBXResourcesBuildPhase;
			buildActionMask = 2147483647;
			files = (
				B452A7762A37594D006C16FA /* .swiftlint.yml in Resources */,
				B452A74C2A36B536006C16FA /* Assets.xcassets in Resources */,
			);
			runOnlyForDeploymentPostprocessing = 0;
		};
		B452A7532A36B536006C16FA /* Resources */ = {
			isa = PBXResourcesBuildPhase;
			buildActionMask = 2147483647;
			files = (
			);
			runOnlyForDeploymentPostprocessing = 0;
		};
		B452A75D2A36B536006C16FA /* Resources */ = {
			isa = PBXResourcesBuildPhase;
			buildActionMask = 2147483647;
			files = (
			);
			runOnlyForDeploymentPostprocessing = 0;
		};
/* End PBXResourcesBuildPhase section */

/* Begin PBXShellScriptBuildPhase section */
		B452A7722A36F60F006C16FA /* SwiftLint Script */ = {
			isa = PBXShellScriptBuildPhase;
			alwaysOutOfDate = 1;
			buildActionMask = 2147483647;
			files = (
			);
			inputFileListPaths = (
			);
			inputPaths = (
			);
			name = "SwiftLint Script";
			outputFileListPaths = (
			);
			outputPaths = (
			);
			runOnlyForDeploymentPostprocessing = 0;
			shellPath = /bin/sh;
			shellScript = "# Type a script or drag a script file from your workspace to insert its path.\nexport PATH=\"$PATH:/opt/homebrew/bin\"\nif which swiftlint > /dev/null; then\n  swiftlint\nelse\n  echo \"warning: SwiftLint not installed, download from https://github.com/realm/SwiftLint\"\nfi\n";
		};
/* End PBXShellScriptBuildPhase section */

/* Begin PBXSourcesBuildPhase section */
		B452A73B2A36B536006C16FA /* Sources */ = {
			isa = PBXSourcesBuildPhase;
			buildActionMask = 2147483647;
			files = (
				B452A7472A36B536006C16FA /* MainViewController.swift in Sources */,
				B452A7432A36B536006C16FA /* AppDelegate.swift in Sources */,
				B452A7452A36B536006C16FA /* SceneDelegate.swift in Sources */,
				B4BEE7D92A38B377002B77A0 /* BaseVC.swift in Sources */,
				B4BEE7DC2A38B3E3002B77A0 /* BaseVM.swift in Sources */,
				B4BEE7DE2A38B448002B77A0 /* MainViewModel.swift in Sources */,
			);
			runOnlyForDeploymentPostprocessing = 0;
		};
		B452A7512A36B536006C16FA /* Sources */ = {
			isa = PBXSourcesBuildPhase;
			buildActionMask = 2147483647;
			files = (
			);
			runOnlyForDeploymentPostprocessing = 0;
		};
		B452A75B2A36B536006C16FA /* Sources */ = {
			isa = PBXSourcesBuildPhase;
			buildActionMask = 2147483647;
			files = (
			);
			runOnlyForDeploymentPostprocessing = 0;
		};
/* End PBXSourcesBuildPhase section */

/* Begin PBXTargetDependency section */
		B452A7572A36B536006C16FA /* PBXTargetDependency */ = {
			isa = PBXTargetDependency;
			target = B452A73E2A36B536006C16FA /* ZOO-iOS */;
			targetProxy = B452A7562A36B536006C16FA /* PBXContainerItemProxy */;
		};
		B452A7612A36B536006C16FA /* PBXTargetDependency */ = {
			isa = PBXTargetDependency;
			target = B452A73E2A36B536006C16FA /* ZOO-iOS */;
			targetProxy = B452A7602A36B536006C16FA /* PBXContainerItemProxy */;
		};
/* End PBXTargetDependency section */

/* Begin XCBuildConfiguration section */
		B452A7672A36B536006C16FA /* Debug */ = {
			isa = XCBuildConfiguration;
			buildSettings = {
				ALWAYS_SEARCH_USER_PATHS = NO;
				CLANG_ANALYZER_NONNULL = YES;
				CLANG_ANALYZER_NUMBER_OBJECT_CONVERSION = YES_AGGRESSIVE;
				CLANG_CXX_LANGUAGE_STANDARD = "gnu++20";
				CLANG_ENABLE_MODULES = YES;
				CLANG_ENABLE_OBJC_ARC = YES;
				CLANG_ENABLE_OBJC_WEAK = YES;
				CLANG_WARN_BLOCK_CAPTURE_AUTORELEASING = YES;
				CLANG_WARN_BOOL_CONVERSION = YES;
				CLANG_WARN_COMMA = YES;
				CLANG_WARN_CONSTANT_CONVERSION = YES;
				CLANG_WARN_DEPRECATED_OBJC_IMPLEMENTATIONS = YES;
				CLANG_WARN_DIRECT_OBJC_ISA_USAGE = YES_ERROR;
				CLANG_WARN_DOCUMENTATION_COMMENTS = YES;
				CLANG_WARN_EMPTY_BODY = YES;
				CLANG_WARN_ENUM_CONVERSION = YES;
				CLANG_WARN_INFINITE_RECURSION = YES;
				CLANG_WARN_INT_CONVERSION = YES;
				CLANG_WARN_NON_LITERAL_NULL_CONVERSION = YES;
				CLANG_WARN_OBJC_IMPLICIT_RETAIN_SELF = YES;
				CLANG_WARN_OBJC_LITERAL_CONVERSION = YES;
				CLANG_WARN_OBJC_ROOT_CLASS = YES_ERROR;
				CLANG_WARN_QUOTED_INCLUDE_IN_FRAMEWORK_HEADER = YES;
				CLANG_WARN_RANGE_LOOP_ANALYSIS = YES;
				CLANG_WARN_STRICT_PROTOTYPES = YES;
				CLANG_WARN_SUSPICIOUS_MOVE = YES;
				CLANG_WARN_UNGUARDED_AVAILABILITY = YES_AGGRESSIVE;
				CLANG_WARN_UNREACHABLE_CODE = YES;
				CLANG_WARN__DUPLICATE_METHOD_MATCH = YES;
				COPY_PHASE_STRIP = NO;
				DEBUG_INFORMATION_FORMAT = dwarf;
				ENABLE_STRICT_OBJC_MSGSEND = YES;
				ENABLE_TESTABILITY = YES;
				GCC_C_LANGUAGE_STANDARD = gnu11;
				GCC_DYNAMIC_NO_PIC = NO;
				GCC_NO_COMMON_BLOCKS = YES;
				GCC_OPTIMIZATION_LEVEL = 0;
				GCC_PREPROCESSOR_DEFINITIONS = (
					"DEBUG=1",
					"$(inherited)",
				);
				GCC_WARN_64_TO_32_BIT_CONVERSION = YES;
				GCC_WARN_ABOUT_RETURN_TYPE = YES_ERROR;
				GCC_WARN_UNDECLARED_SELECTOR = YES;
				GCC_WARN_UNINITIALIZED_AUTOS = YES_AGGRESSIVE;
				GCC_WARN_UNUSED_FUNCTION = YES;
				GCC_WARN_UNUSED_VARIABLE = YES;
				IPHONEOS_DEPLOYMENT_TARGET = 16.4;
				MTL_ENABLE_DEBUG_INFO = INCLUDE_SOURCE;
				MTL_FAST_MATH = YES;
				ONLY_ACTIVE_ARCH = YES;
				SDKROOT = iphoneos;
				SWIFT_ACTIVE_COMPILATION_CONDITIONS = DEBUG;
				SWIFT_OPTIMIZATION_LEVEL = "-Onone";
			};
			name = Debug;
		};
		B452A7682A36B536006C16FA /* Release */ = {
			isa = XCBuildConfiguration;
			buildSettings = {
				ALWAYS_SEARCH_USER_PATHS = NO;
				CLANG_ANALYZER_NONNULL = YES;
				CLANG_ANALYZER_NUMBER_OBJECT_CONVERSION = YES_AGGRESSIVE;
				CLANG_CXX_LANGUAGE_STANDARD = "gnu++20";
				CLANG_ENABLE_MODULES = YES;
				CLANG_ENABLE_OBJC_ARC = YES;
				CLANG_ENABLE_OBJC_WEAK = YES;
				CLANG_WARN_BLOCK_CAPTURE_AUTORELEASING = YES;
				CLANG_WARN_BOOL_CONVERSION = YES;
				CLANG_WARN_COMMA = YES;
				CLANG_WARN_CONSTANT_CONVERSION = YES;
				CLANG_WARN_DEPRECATED_OBJC_IMPLEMENTATIONS = YES;
				CLANG_WARN_DIRECT_OBJC_ISA_USAGE = YES_ERROR;
				CLANG_WARN_DOCUMENTATION_COMMENTS = YES;
				CLANG_WARN_EMPTY_BODY = YES;
				CLANG_WARN_ENUM_CONVERSION = YES;
				CLANG_WARN_INFINITE_RECURSION = YES;
				CLANG_WARN_INT_CONVERSION = YES;
				CLANG_WARN_NON_LITERAL_NULL_CONVERSION = YES;
				CLANG_WARN_OBJC_IMPLICIT_RETAIN_SELF = YES;
				CLANG_WARN_OBJC_LITERAL_CONVERSION = YES;
				CLANG_WARN_OBJC_ROOT_CLASS = YES_ERROR;
				CLANG_WARN_QUOTED_INCLUDE_IN_FRAMEWORK_HEADER = YES;
				CLANG_WARN_RANGE_LOOP_ANALYSIS = YES;
				CLANG_WARN_STRICT_PROTOTYPES = YES;
				CLANG_WARN_SUSPICIOUS_MOVE = YES;
				CLANG_WARN_UNGUARDED_AVAILABILITY = YES_AGGRESSIVE;
				CLANG_WARN_UNREACHABLE_CODE = YES;
				CLANG_WARN__DUPLICATE_METHOD_MATCH = YES;
				COPY_PHASE_STRIP = NO;
				DEBUG_INFORMATION_FORMAT = "dwarf-with-dsym";
				ENABLE_NS_ASSERTIONS = NO;
				ENABLE_STRICT_OBJC_MSGSEND = YES;
				GCC_C_LANGUAGE_STANDARD = gnu11;
				GCC_NO_COMMON_BLOCKS = YES;
				GCC_WARN_64_TO_32_BIT_CONVERSION = YES;
				GCC_WARN_ABOUT_RETURN_TYPE = YES_ERROR;
				GCC_WARN_UNDECLARED_SELECTOR = YES;
				GCC_WARN_UNINITIALIZED_AUTOS = YES_AGGRESSIVE;
				GCC_WARN_UNUSED_FUNCTION = YES;
				GCC_WARN_UNUSED_VARIABLE = YES;
				IPHONEOS_DEPLOYMENT_TARGET = 16.4;
				MTL_ENABLE_DEBUG_INFO = NO;
				MTL_FAST_MATH = YES;
				SDKROOT = iphoneos;
				SWIFT_COMPILATION_MODE = wholemodule;
				SWIFT_OPTIMIZATION_LEVEL = "-O";
				VALIDATE_PRODUCT = YES;
			};
			name = Release;
		};
		B452A76A2A36B536006C16FA /* Debug */ = {
			isa = XCBuildConfiguration;
			buildSettings = {
				ASSETCATALOG_COMPILER_APPICON_NAME = AppIcon;
				ASSETCATALOG_COMPILER_GLOBAL_ACCENT_COLOR_NAME = AccentColor;
				CODE_SIGN_STYLE = Automatic;
				CURRENT_PROJECT_VERSION = 1;
				DEVELOPMENT_TEAM = F83UCL3G4C;
				GENERATE_INFOPLIST_FILE = YES;
				INFOPLIST_FILE = "ZOO-iOS/Info.plist";
				INFOPLIST_KEY_UIApplicationSupportsIndirectInputEvents = YES;
				INFOPLIST_KEY_UILaunchStoryboardName = LaunchScreen;
				INFOPLIST_KEY_UISupportedInterfaceOrientations_iPad = "UIInterfaceOrientationPortrait UIInterfaceOrientationPortraitUpsideDown UIInterfaceOrientationLandscapeLeft UIInterfaceOrientationLandscapeRight";
				INFOPLIST_KEY_UISupportedInterfaceOrientations_iPhone = "UIInterfaceOrientationPortrait UIInterfaceOrientationLandscapeLeft UIInterfaceOrientationLandscapeRight";
				LD_RUNPATH_SEARCH_PATHS = (
					"$(inherited)",
					"@executable_path/Frameworks",
				);
				MARKETING_VERSION = 1.0;
				PRODUCT_BUNDLE_IDENTIFIER = "com.ZOO-iOS";
				PRODUCT_NAME = "$(TARGET_NAME)";
				SWIFT_EMIT_LOC_STRINGS = YES;
				SWIFT_VERSION = 5.0;
				TARGETED_DEVICE_FAMILY = "1,2";
			};
			name = Debug;
		};
		B452A76B2A36B536006C16FA /* Release */ = {
			isa = XCBuildConfiguration;
			buildSettings = {
				ASSETCATALOG_COMPILER_APPICON_NAME = AppIcon;
				ASSETCATALOG_COMPILER_GLOBAL_ACCENT_COLOR_NAME = AccentColor;
				CODE_SIGN_STYLE = Automatic;
				CURRENT_PROJECT_VERSION = 1;
				DEVELOPMENT_TEAM = F83UCL3G4C;
				GENERATE_INFOPLIST_FILE = YES;
				INFOPLIST_FILE = "ZOO-iOS/Info.plist";
				INFOPLIST_KEY_UIApplicationSupportsIndirectInputEvents = YES;
				INFOPLIST_KEY_UILaunchStoryboardName = LaunchScreen;
				INFOPLIST_KEY_UISupportedInterfaceOrientations_iPad = "UIInterfaceOrientationPortrait UIInterfaceOrientationPortraitUpsideDown UIInterfaceOrientationLandscapeLeft UIInterfaceOrientationLandscapeRight";
				INFOPLIST_KEY_UISupportedInterfaceOrientations_iPhone = "UIInterfaceOrientationPortrait UIInterfaceOrientationLandscapeLeft UIInterfaceOrientationLandscapeRight";
				LD_RUNPATH_SEARCH_PATHS = (
					"$(inherited)",
					"@executable_path/Frameworks",
				);
				MARKETING_VERSION = 1.0;
				PRODUCT_BUNDLE_IDENTIFIER = "com.ZOO-iOS";
				PRODUCT_NAME = "$(TARGET_NAME)";
				SWIFT_EMIT_LOC_STRINGS = YES;
				SWIFT_VERSION = 5.0;
				TARGETED_DEVICE_FAMILY = "1,2";
			};
			name = Release;
		};
		B452A76D2A36B536006C16FA /* Debug */ = {
			isa = XCBuildConfiguration;
			buildSettings = {
				ALWAYS_EMBED_SWIFT_STANDARD_LIBRARIES = YES;
				BUNDLE_LOADER = "$(TEST_HOST)";
				CODE_SIGN_STYLE = Automatic;
				CURRENT_PROJECT_VERSION = 1;
				DEVELOPMENT_TEAM = F83UCL3G4C;
				GENERATE_INFOPLIST_FILE = YES;
				IPHONEOS_DEPLOYMENT_TARGET = 16.4;
				MARKETING_VERSION = 1.0;
				PRODUCT_BUNDLE_IDENTIFIER = "com.ZOO-iOSTests";
				PRODUCT_NAME = "$(TARGET_NAME)";
				SWIFT_EMIT_LOC_STRINGS = NO;
				SWIFT_VERSION = 5.0;
				TARGETED_DEVICE_FAMILY = "1,2";
				TEST_HOST = "$(BUILT_PRODUCTS_DIR)/ZOO-iOS.app/$(BUNDLE_EXECUTABLE_FOLDER_PATH)/ZOO-iOS";
			};
			name = Debug;
		};
		B452A76E2A36B536006C16FA /* Release */ = {
			isa = XCBuildConfiguration;
			buildSettings = {
				ALWAYS_EMBED_SWIFT_STANDARD_LIBRARIES = YES;
				BUNDLE_LOADER = "$(TEST_HOST)";
				CODE_SIGN_STYLE = Automatic;
				CURRENT_PROJECT_VERSION = 1;
				DEVELOPMENT_TEAM = F83UCL3G4C;
				GENERATE_INFOPLIST_FILE = YES;
				IPHONEOS_DEPLOYMENT_TARGET = 16.4;
				MARKETING_VERSION = 1.0;
				PRODUCT_BUNDLE_IDENTIFIER = "com.ZOO-iOSTests";
				PRODUCT_NAME = "$(TARGET_NAME)";
				SWIFT_EMIT_LOC_STRINGS = NO;
				SWIFT_VERSION = 5.0;
				TARGETED_DEVICE_FAMILY = "1,2";
				TEST_HOST = "$(BUILT_PRODUCTS_DIR)/ZOO-iOS.app/$(BUNDLE_EXECUTABLE_FOLDER_PATH)/ZOO-iOS";
			};
			name = Release;
		};
		B452A7702A36B536006C16FA /* Debug */ = {
			isa = XCBuildConfiguration;
			buildSettings = {
				ALWAYS_EMBED_SWIFT_STANDARD_LIBRARIES = YES;
				CODE_SIGN_STYLE = Automatic;
				CURRENT_PROJECT_VERSION = 1;
				DEVELOPMENT_TEAM = F83UCL3G4C;
				GENERATE_INFOPLIST_FILE = YES;
				MARKETING_VERSION = 1.0;
				PRODUCT_BUNDLE_IDENTIFIER = "com.ZOO-iOSUITests";
				PRODUCT_NAME = "$(TARGET_NAME)";
				SWIFT_EMIT_LOC_STRINGS = NO;
				SWIFT_VERSION = 5.0;
				TARGETED_DEVICE_FAMILY = "1,2";
				TEST_TARGET_NAME = "ZOO-iOS";
			};
			name = Debug;
		};
		B452A7712A36B536006C16FA /* Release */ = {
			isa = XCBuildConfiguration;
			buildSettings = {
				ALWAYS_EMBED_SWIFT_STANDARD_LIBRARIES = YES;
				CODE_SIGN_STYLE = Automatic;
				CURRENT_PROJECT_VERSION = 1;
				DEVELOPMENT_TEAM = F83UCL3G4C;
				GENERATE_INFOPLIST_FILE = YES;
				MARKETING_VERSION = 1.0;
				PRODUCT_BUNDLE_IDENTIFIER = "com.ZOO-iOSUITests";
				PRODUCT_NAME = "$(TARGET_NAME)";
				SWIFT_EMIT_LOC_STRINGS = NO;
				SWIFT_VERSION = 5.0;
				TARGETED_DEVICE_FAMILY = "1,2";
				TEST_TARGET_NAME = "ZOO-iOS";
			};
			name = Release;
		};
/* End XCBuildConfiguration section */

/* Begin XCConfigurationList section */
		B452A73A2A36B536006C16FA /* Build configuration list for PBXProject "ZOO-iOS" */ = {
			isa = XCConfigurationList;
			buildConfigurations = (
				B452A7672A36B536006C16FA /* Debug */,
				B452A7682A36B536006C16FA /* Release */,
			);
			defaultConfigurationIsVisible = 0;
			defaultConfigurationName = Release;
		};
		B452A7692A36B536006C16FA /* Build configuration list for PBXNativeTarget "ZOO-iOS" */ = {
			isa = XCConfigurationList;
			buildConfigurations = (
				B452A76A2A36B536006C16FA /* Debug */,
				B452A76B2A36B536006C16FA /* Release */,
			);
			defaultConfigurationIsVisible = 0;
			defaultConfigurationName = Release;
		};
		B452A76C2A36B536006C16FA /* Build configuration list for PBXNativeTarget "ZOO-iOSTests" */ = {
			isa = XCConfigurationList;
			buildConfigurations = (
				B452A76D2A36B536006C16FA /* Debug */,
				B452A76E2A36B536006C16FA /* Release */,
			);
			defaultConfigurationIsVisible = 0;
			defaultConfigurationName = Release;
		};
		B452A76F2A36B536006C16FA /* Build configuration list for PBXNativeTarget "ZOO-iOSUITests" */ = {
			isa = XCConfigurationList;
			buildConfigurations = (
				B452A7702A36B536006C16FA /* Debug */,
				B452A7712A36B536006C16FA /* Release */,
			);
			defaultConfigurationIsVisible = 0;
			defaultConfigurationName = Release;
		};
/* End XCConfigurationList section */

/* Begin XCRemoteSwiftPackageReference section */
		B4BEE7C42A38B086002B77A0 /* XCRemoteSwiftPackageReference "SnapKit" */ = {
			isa = XCRemoteSwiftPackageReference;
			repositoryURL = "https://github.com/SnapKit/SnapKit";
			requirement = {
				kind = upToNextMajorVersion;
				minimumVersion = 5.0.0;
			};
		};
		B4BEE7C72A38B0E9002B77A0 /* XCRemoteSwiftPackageReference "Then" */ = {
			isa = XCRemoteSwiftPackageReference;
			repositoryURL = "https://github.com/devxoul/Then";
			requirement = {
				kind = upToNextMajorVersion;
				minimumVersion = 3.0.0;
			};
		};
		B4BEE7CA2A38B1AB002B77A0 /* XCRemoteSwiftPackageReference "lottie-ios" */ = {
			isa = XCRemoteSwiftPackageReference;
			repositoryURL = "https://github.com/airbnb/lottie-ios";
			requirement = {
				kind = upToNextMajorVersion;
				minimumVersion = 4.0.0;
			};
		};
		B4BEE7CD2A38B24B002B77A0 /* XCRemoteSwiftPackageReference "RxSwift" */ = {
			isa = XCRemoteSwiftPackageReference;
			repositoryURL = "https://github.com/ReactiveX/RxSwift";
			requirement = {
				kind = upToNextMajorVersion;
				minimumVersion = 6.0.0;
			};
		};
/* End XCRemoteSwiftPackageReference section */

/* Begin XCSwiftPackageProductDependency section */
		B4BEE7C52A38B086002B77A0 /* SnapKit */ = {
			isa = XCSwiftPackageProductDependency;
			package = B4BEE7C42A38B086002B77A0 /* XCRemoteSwiftPackageReference "SnapKit" */;
			productName = SnapKit;
		};
		B4BEE7C82A38B0E9002B77A0 /* Then */ = {
			isa = XCSwiftPackageProductDependency;
			package = B4BEE7C72A38B0E9002B77A0 /* XCRemoteSwiftPackageReference "Then" */;
			productName = Then;
		};
		B4BEE7CB2A38B1AB002B77A0 /* Lottie */ = {
			isa = XCSwiftPackageProductDependency;
			package = B4BEE7CA2A38B1AB002B77A0 /* XCRemoteSwiftPackageReference "lottie-ios" */;
			productName = Lottie;
		};
		B4BEE7CE2A38B24B002B77A0 /* RxCocoa */ = {
			isa = XCSwiftPackageProductDependency;
			package = B4BEE7CD2A38B24B002B77A0 /* XCRemoteSwiftPackageReference "RxSwift" */;
			productName = RxCocoa;
		};
		B4BEE7D02A38B24B002B77A0 /* RxSwift */ = {
			isa = XCSwiftPackageProductDependency;
			package = B4BEE7CD2A38B24B002B77A0 /* XCRemoteSwiftPackageReference "RxSwift" */;
			productName = RxSwift;
		};
/* End XCSwiftPackageProductDependency section */
	};
	rootObject = B452A7372A36B536006C16FA /* Project object */;
}
